
Microsoft Visual Studio Solution File, Format Version 12.00
# Visual Studio 2015
Project("{FAE04EC0-301F-11D3-BF4B-00C04F79EFBC}") = "Unity Project.CSharp", "Unity Project.CSharp.csproj", "{B367DF33-0B16-AA37-DBB2-157E02302CE3}"
EndProject
Project("{FAE04EC0-301F-11D3-BF4B-00C04F79EFBC}") = "Unity Project.CSharp.Editor", "Unity Project.CSharp.Editor.csproj", "{D6E5A040-BC2B-1BF1-82A8-7EE884EB89A7}"
EndProject
Global
	GlobalSection(SolutionConfigurationPlatforms) = preSolution
		Debug|Any CPU = Debug|Any CPU
		Release|Any CPU = Release|Any CPU
	EndGlobalSection
	GlobalSection(ProjectConfigurationPlatforms) = postSolution
		{B367DF33-0B16-AA37-DBB2-157E02302CE3}.Debug|Any CPU.ActiveCfg = Debug|Any CPU
		{B367DF33-0B16-AA37-DBB2-157E02302CE3}.Debug|Any CPU.Build.0 = Debug|Any CPU
		{B367DF33-0B16-AA37-DBB2-157E02302CE3}.Release|Any CPU.ActiveCfg = Release|Any CPU
		{B367DF33-0B16-AA37-DBB2-157E02302CE3}.Release|Any CPU.Build.0 = Release|Any CPU
		{D6E5A040-BC2B-1BF1-82A8-7EE884EB89A7}.Debug|Any CPU.ActiveCfg = Debug|Any CPU
		{D6E5A040-BC2B-1BF1-82A8-7EE884EB89A7}.Debug|Any CPU.Build.0 = Debug|Any CPU
		{D6E5A040-BC2B-1BF1-82A8-7EE884EB89A7}.Release|Any CPU.ActiveCfg = Release|Any CPU
		{D6E5A040-BC2B-1BF1-82A8-7EE884EB89A7}.Release|Any CPU.Build.0 = Release|Any CPU
	EndGlobalSection
	GlobalSection(SolutionProperties) = preSolution
		HideSolutionNode = FALSE
	EndGlobalSection
EndGlobal
